
Microsoft Visual Studio Solution File, Format Version 12.00
# Visual Studio 15
VisualStudioVersion = 15.0.27130.2036
MinimumVisualStudioVersion = 10.0.40219.1
Project("{8BC9CEB8-8B4A-11D0-8D11-00A0C91BC942}") = "FactorioCalculator", "FactorioCalculator\FactorioCalculator.vcxproj", "{096CA979-509B-453F-860B-3AFCA9B7BFD2}"
EndProject
Project("{8BC9CEB8-8B4A-11D0-8D11-00A0C91BC942}") = "Factorio_Calc", "Factorio_Calc\Factorio_Calc.vcxproj", "{EE6D6804-C5F7-4290-A28A-FA39C86D7224}"
EndProject
Global
	GlobalSection(SolutionConfigurationPlatforms) = preSolution
		Debug|x64 = Debug|x64
		Debug|x86 = Debug|x86
		Release|x64 = Release|x64
		Release|x86 = Release|x86
	EndGlobalSection
	GlobalSection(ProjectConfigurationPlatforms) = postSolution
		{096CA979-509B-453F-860B-3AFCA9B7BFD2}.Debug|x64.ActiveCfg = Debug|x64
		{096CA979-509B-453F-860B-3AFCA9B7BFD2}.Debug|x64.Build.0 = Debug|x64
		{096CA979-509B-453F-860B-3AFCA9B7BFD2}.Debug|x86.ActiveCfg = Debug|Win32
		{096CA979-509B-453F-860B-3AFCA9B7BFD2}.Debug|x86.Build.0 = Debug|Win32
		{096CA979-509B-453F-860B-3AFCA9B7BFD2}.Release|x64.ActiveCfg = Release|x64
		{096CA979-509B-453F-860B-3AFCA9B7BFD2}.Release|x64.Build.0 = Release|x64
		{096CA979-509B-453F-860B-3AFCA9B7BFD2}.Release|x86.ActiveCfg = Release|Win32
		{096CA979-509B-453F-860B-3AFCA9B7BFD2}.Release|x86.Build.0 = Release|Win32
		{EE6D6804-C5F7-4290-A28A-FA39C86D7224}.Debug|x64.ActiveCfg = Debug|x64
		{EE6D6804-C5F7-4290-A28A-FA39C86D7224}.Debug|x64.Build.0 = Debug|x64
		{EE6D6804-C5F7-4290-A28A-FA39C86D7224}.Debug|x86.ActiveCfg = Debug|Win32
		{EE6D6804-C5F7-4290-A28A-FA39C86D7224}.Debug|x86.Build.0 = Debug|Win32
		{EE6D6804-C5F7-4290-A28A-FA39C86D7224}.Release|x64.ActiveCfg = Release|x64
		{EE6D6804-C5F7-4290-A28A-FA39C86D7224}.Release|x64.Build.0 = Release|x64
		{EE6D6804-C5F7-4290-A28A-FA39C86D7224}.Release|x86.ActiveCfg = Release|Win32
		{EE6D6804-C5F7-4290-A28A-FA39C86D7224}.Release|x86.Build.0 = Release|Win32
	EndGlobalSection
	GlobalSection(SolutionProperties) = preSolution
		HideSolutionNode = FALSE
	EndGlobalSection
	GlobalSection(ExtensibilityGlobals) = postSolution
		SolutionGuid = {299DBD0F-F53E-4122-9F2E-182641F70E9F}
	EndGlobalSection
EndGlobal
